
Microsoft Visual Studio Solution File, Format Version 12.00
# Visual Studio Version 16
VisualStudioVersion = 16.0.30804.86
MinimumVisualStudioVersion = 10.0.40219.1
Project("{FAE04EC0-301F-11D3-BF4B-00C04F79EFBC}") = "CustomerBasket.Core.Tests", "CustomerBasket.Core.Tests\CustomerBasket.Core.Tests.csproj", "{A8BBB877-5C71-4C1B-9F20-316328EC64ED}"
EndProject
Project("{FAE04EC0-301F-11D3-BF4B-00C04F79EFBC}") = "CustomerBasket.Core", "CustomerBasket.Core\CustomerBasket.Core.csproj", "{35CBB4DA-D57C-406B-B712-FFFA2972FE56}"
EndProject
Global
	GlobalSection(SolutionConfigurationPlatforms) = preSolution
		Debug|Any CPU = Debug|Any CPU
		Release|Any CPU = Release|Any CPU
	EndGlobalSection
	GlobalSection(ProjectConfigurationPlatforms) = postSolution
		{A8BBB877-5C71-4C1B-9F20-316328EC64ED}.Debug|Any CPU.ActiveCfg = Debug|Any CPU
		{A8BBB877-5C71-4C1B-9F20-316328EC64ED}.Debug|Any CPU.Build.0 = Debug|Any CPU
		{A8BBB877-5C71-4C1B-9F20-316328EC64ED}.Release|Any CPU.ActiveCfg = Release|Any CPU
		{A8BBB877-5C71-4C1B-9F20-316328EC64ED}.Release|Any CPU.Build.0 = Release|Any CPU
		{35CBB4DA-D57C-406B-B712-FFFA2972FE56}.Debug|Any CPU.ActiveCfg = Debug|Any CPU
		{35CBB4DA-D57C-406B-B712-FFFA2972FE56}.Debug|Any CPU.Build.0 = Debug|Any CPU
		{35CBB4DA-D57C-406B-B712-FFFA2972FE56}.Release|Any CPU.ActiveCfg = Release|Any CPU
		{35CBB4DA-D57C-406B-B712-FFFA2972FE56}.Release|Any CPU.Build.0 = Release|Any CPU
	EndGlobalSection
	GlobalSection(SolutionProperties) = preSolution
		HideSolutionNode = FALSE
	EndGlobalSection
	GlobalSection(ExtensibilityGlobals) = postSolution
		SolutionGuid = {11C68699-5D53-4D3A-A05E-A7745A9787E3}
	EndGlobalSection
EndGlobal
